
Microsoft Visual Studio Solution File, Format Version 12.00
# Visual Studio Version 17
VisualStudioVersion = 17.7.34202.233
MinimumVisualStudioVersion = 10.0.40219.1
Project("{9A19103F-16F7-4668-BE54-9A1E7A4F7556}") = "PeopleVille", "PeopleVille\PeopleVille.csproj", "{66EF0332-4A6E-4599-A46F-F239EE61B83D}"
EndProject
Project("{9A19103F-16F7-4668-BE54-9A1E7A4F7556}") = "Villager", "Villager\Villager.csproj", "{F360F4DB-A544-46DA-BCD4-1FB4F4E2D8A6}"
EndProject
Project("{9A19103F-16F7-4668-BE54-9A1E7A4F7556}") = "Enums", "Enums\Enums.csproj", "{74BDE690-BD56-431B-9796-C9DFC127848B}"
EndProject
Project("{9A19103F-16F7-4668-BE54-9A1E7A4F7556}") = "RNG", "RNG\RNG.csproj", "{D3780610-8CF6-4467-959C-C7D8C7D2ACEA}"
EndProject
Project("{9A19103F-16F7-4668-BE54-9A1E7A4F7556}") = "Simulation", "Simulation\Simulation.csproj", "{9C4B436C-C51E-472B-A19D-CC9031D4CF2E}"
EndProject
Project("{9A19103F-16F7-4668-BE54-9A1E7A4F7556}") = "Locations", "Village\Locations.csproj", "{4A4F44A5-572B-4742-BBB0-081D533B31B4}"
EndProject
Project("{9A19103F-16F7-4668-BE54-9A1E7A4F7556}") = "ItemsLibary", "ItemsLibary\ItemsLibary.csproj", "{359C13F0-9FE4-4ADB-96D1-3369262639DB}"
EndProject
Global
	GlobalSection(SolutionConfigurationPlatforms) = preSolution
		Debug|Any CPU = Debug|Any CPU
		Release|Any CPU = Release|Any CPU
	EndGlobalSection
	GlobalSection(ProjectConfigurationPlatforms) = postSolution
		{66EF0332-4A6E-4599-A46F-F239EE61B83D}.Debug|Any CPU.ActiveCfg = Debug|Any CPU
		{66EF0332-4A6E-4599-A46F-F239EE61B83D}.Debug|Any CPU.Build.0 = Debug|Any CPU
		{66EF0332-4A6E-4599-A46F-F239EE61B83D}.Release|Any CPU.ActiveCfg = Release|Any CPU
		{66EF0332-4A6E-4599-A46F-F239EE61B83D}.Release|Any CPU.Build.0 = Release|Any CPU
		{F360F4DB-A544-46DA-BCD4-1FB4F4E2D8A6}.Debug|Any CPU.ActiveCfg = Debug|Any CPU
		{F360F4DB-A544-46DA-BCD4-1FB4F4E2D8A6}.Debug|Any CPU.Build.0 = Debug|Any CPU
		{F360F4DB-A544-46DA-BCD4-1FB4F4E2D8A6}.Release|Any CPU.ActiveCfg = Release|Any CPU
		{F360F4DB-A544-46DA-BCD4-1FB4F4E2D8A6}.Release|Any CPU.Build.0 = Release|Any CPU
		{74BDE690-BD56-431B-9796-C9DFC127848B}.Debug|Any CPU.ActiveCfg = Debug|Any CPU
		{74BDE690-BD56-431B-9796-C9DFC127848B}.Debug|Any CPU.Build.0 = Debug|Any CPU
		{74BDE690-BD56-431B-9796-C9DFC127848B}.Release|Any CPU.ActiveCfg = Release|Any CPU
		{74BDE690-BD56-431B-9796-C9DFC127848B}.Release|Any CPU.Build.0 = Release|Any CPU
		{D3780610-8CF6-4467-959C-C7D8C7D2ACEA}.Debug|Any CPU.ActiveCfg = Debug|Any CPU
		{D3780610-8CF6-4467-959C-C7D8C7D2ACEA}.Debug|Any CPU.Build.0 = Debug|Any CPU
		{D3780610-8CF6-4467-959C-C7D8C7D2ACEA}.Release|Any CPU.ActiveCfg = Release|Any CPU
		{D3780610-8CF6-4467-959C-C7D8C7D2ACEA}.Release|Any CPU.Build.0 = Release|Any CPU
		{9C4B436C-C51E-472B-A19D-CC9031D4CF2E}.Debug|Any CPU.ActiveCfg = Debug|Any CPU
		{9C4B436C-C51E-472B-A19D-CC9031D4CF2E}.Debug|Any CPU.Build.0 = Debug|Any CPU
		{9C4B436C-C51E-472B-A19D-CC9031D4CF2E}.Release|Any CPU.ActiveCfg = Release|Any CPU
		{9C4B436C-C51E-472B-A19D-CC9031D4CF2E}.Release|Any CPU.Build.0 = Release|Any CPU
		{4A4F44A5-572B-4742-BBB0-081D533B31B4}.Debug|Any CPU.ActiveCfg = Debug|Any CPU
		{4A4F44A5-572B-4742-BBB0-081D533B31B4}.Debug|Any CPU.Build.0 = Debug|Any CPU
		{4A4F44A5-572B-4742-BBB0-081D533B31B4}.Release|Any CPU.ActiveCfg = Release|Any CPU
		{4A4F44A5-572B-4742-BBB0-081D533B31B4}.Release|Any CPU.Build.0 = Release|Any CPU
		{359C13F0-9FE4-4ADB-96D1-3369262639DB}.Debug|Any CPU.ActiveCfg = Debug|Any CPU
		{359C13F0-9FE4-4ADB-96D1-3369262639DB}.Debug|Any CPU.Build.0 = Debug|Any CPU
		{359C13F0-9FE4-4ADB-96D1-3369262639DB}.Release|Any CPU.ActiveCfg = Release|Any CPU
		{359C13F0-9FE4-4ADB-96D1-3369262639DB}.Release|Any CPU.Build.0 = Release|Any CPU
	EndGlobalSection
	GlobalSection(SolutionProperties) = preSolution
		HideSolutionNode = FALSE
	EndGlobalSection
	GlobalSection(ExtensibilityGlobals) = postSolution
		SolutionGuid = {8D7ADA1D-CD95-40AA-815E-EF56B8755D9C}
	EndGlobalSection
EndGlobal
